
Microsoft Visual Studio Solution File, Format Version 12.00
# Visual Studio Version 16
VisualStudioVersion = 16.0.32126.315
MinimumVisualStudioVersion = 10.0.40219.1
Project("{2150E333-8FDC-42A3-9474-1A3956D46DE8}") = "Services", "Services", "{67EDAFDF-7ED6-4E14-B332-276D3BA85030}"
EndProject
Project("{2150E333-8FDC-42A3-9474-1A3956D46DE8}") = "Catalog", "Catalog", "{54685F65-B1E1-4193-ABAA-CF2C12A3E2FA}"
EndProject
Project("{9A19103F-16F7-4668-BE54-9A1E7A4F7556}") = "Catalog.API", "Services\Catalog\Catalog.API\Catalog.API.csproj", "{68A72816-5813-4846-8220-F763958BF65B}"
EndProject
Project("{E53339B2-1760-4266-BCC7-CA923CBCF16C}") = "docker-compose", "docker-compose.dcproj", "{73DC1D1E-D1D9-45E7-9EC7-E0AED2498B82}"
EndProject
Project("{2150E333-8FDC-42A3-9474-1A3956D46DE8}") = "Basket", "Basket", "{EE1936DD-4D6D-4961-AB3B-018F9F03AEF0}"
EndProject
Project("{9A19103F-16F7-4668-BE54-9A1E7A4F7556}") = "Basket.API", "Services\Basket\Basket.API\Basket.API.csproj", "{9A51A3E6-23F2-400A-BB24-97ABA50BE268}"
EndProject
Project("{2150E333-8FDC-42A3-9474-1A3956D46DE8}") = "Discount", "Discount", "{3AC99A12-4558-499E-A5E5-DAE3423F3E19}"
EndProject
Project("{9A19103F-16F7-4668-BE54-9A1E7A4F7556}") = "Discount.API", "Services\Discount\Discount.API\Discount.API.csproj", "{92C63B27-249B-427C-B9E8-54FB0A4D2396}"
EndProject
Project("{9A19103F-16F7-4668-BE54-9A1E7A4F7556}") = "Discount.Grpc", "Services\Discount\Discount.Grpc\Discount.Grpc.csproj", "{A6F79398-9714-4145-97C7-0097A9BF6C8C}"
EndProject
Project("{2150E333-8FDC-42A3-9474-1A3956D46DE8}") = "Ordering", "Ordering", "{D857FE54-1929-4DDE-B850-AE275E340FCD}"
EndProject
Project("{9A19103F-16F7-4668-BE54-9A1E7A4F7556}") = "Ordering.API", "Services\Ordering\Ordering.API\Ordering.API.csproj", "{9F8367BE-D785-4DAE-9494-998A88C65DCA}"
EndProject
Project("{9A19103F-16F7-4668-BE54-9A1E7A4F7556}") = "Ordering.Application", "Services\Ordering\Ordering.Application\Ordering.Application.csproj", "{818B0E69-EC83-4849-98B1-27B71867015B}"
EndProject
Project("{9A19103F-16F7-4668-BE54-9A1E7A4F7556}") = "Ordering.Domain", "Services\Ordering\Ordering.Domain\Ordering.Domain.csproj", "{F01CE88D-E43B-4D9F-A9C6-C427098C8D94}"
EndProject
Project("{9A19103F-16F7-4668-BE54-9A1E7A4F7556}") = "Ordering.Infrastructure", "Services\Ordering\Ordering.Infrastructure\Ordering.Infrastructure.csproj", "{2B4D08D4-D045-46B3-A404-DDFCE8858FCA}"
EndProject
Project("{2150E333-8FDC-42A3-9474-1A3956D46DE8}") = "BuildingBlocks", "BuildingBlocks", "{99810BC1-08D2-4DAA-A14C-2F3FB31F1555}"
EndProject
Project("{9A19103F-16F7-4668-BE54-9A1E7A4F7556}") = "EventBus.Messages", "BuildingBlocks\EventBus.Messages\EventBus.Messages.csproj", "{3088D351-33B2-440B-B778-491261EAF158}"
EndProject
Project("{2150E333-8FDC-42A3-9474-1A3956D46DE8}") = "ApiGateways", "ApiGateways", "{930BCF96-F848-420B-AE53-6615AC2957E9}"
EndProject
Project("{FAE04EC0-301F-11D3-BF4B-00C04F79EFBC}") = "OcelotApiGw", "ApiGateways\OcelotApiGw\OcelotApiGw.csproj", "{C2293C80-44C7-4DCA-90FA-E00C1E9D3EE4}"
EndProject
Global
	GlobalSection(SolutionConfigurationPlatforms) = preSolution
		Debug|Any CPU = Debug|Any CPU
		Release|Any CPU = Release|Any CPU
	EndGlobalSection
	GlobalSection(ProjectConfigurationPlatforms) = postSolution
		{68A72816-5813-4846-8220-F763958BF65B}.Debug|Any CPU.ActiveCfg = Debug|Any CPU
		{68A72816-5813-4846-8220-F763958BF65B}.Debug|Any CPU.Build.0 = Debug|Any CPU
		{68A72816-5813-4846-8220-F763958BF65B}.Release|Any CPU.ActiveCfg = Release|Any CPU
		{68A72816-5813-4846-8220-F763958BF65B}.Release|Any CPU.Build.0 = Release|Any CPU
		{73DC1D1E-D1D9-45E7-9EC7-E0AED2498B82}.Debug|Any CPU.ActiveCfg = Debug|Any CPU
		{73DC1D1E-D1D9-45E7-9EC7-E0AED2498B82}.Debug|Any CPU.Build.0 = Debug|Any CPU
		{73DC1D1E-D1D9-45E7-9EC7-E0AED2498B82}.Release|Any CPU.ActiveCfg = Release|Any CPU
		{73DC1D1E-D1D9-45E7-9EC7-E0AED2498B82}.Release|Any CPU.Build.0 = Release|Any CPU
		{9A51A3E6-23F2-400A-BB24-97ABA50BE268}.Debug|Any CPU.ActiveCfg = Debug|Any CPU
		{9A51A3E6-23F2-400A-BB24-97ABA50BE268}.Debug|Any CPU.Build.0 = Debug|Any CPU
		{9A51A3E6-23F2-400A-BB24-97ABA50BE268}.Release|Any CPU.ActiveCfg = Release|Any CPU
		{9A51A3E6-23F2-400A-BB24-97ABA50BE268}.Release|Any CPU.Build.0 = Release|Any CPU
		{92C63B27-249B-427C-B9E8-54FB0A4D2396}.Debug|Any CPU.ActiveCfg = Debug|Any CPU
		{92C63B27-249B-427C-B9E8-54FB0A4D2396}.Debug|Any CPU.Build.0 = Debug|Any CPU
		{92C63B27-249B-427C-B9E8-54FB0A4D2396}.Release|Any CPU.ActiveCfg = Release|Any CPU
		{92C63B27-249B-427C-B9E8-54FB0A4D2396}.Release|Any CPU.Build.0 = Release|Any CPU
		{A6F79398-9714-4145-97C7-0097A9BF6C8C}.Debug|Any CPU.ActiveCfg = Debug|Any CPU
		{A6F79398-9714-4145-97C7-0097A9BF6C8C}.Debug|Any CPU.Build.0 = Debug|Any CPU
		{A6F79398-9714-4145-97C7-0097A9BF6C8C}.Release|Any CPU.ActiveCfg = Release|Any CPU
		{A6F79398-9714-4145-97C7-0097A9BF6C8C}.Release|Any CPU.Build.0 = Release|Any CPU
		{9F8367BE-D785-4DAE-9494-998A88C65DCA}.Debug|Any CPU.ActiveCfg = Debug|Any CPU
		{9F8367BE-D785-4DAE-9494-998A88C65DCA}.Debug|Any CPU.Build.0 = Debug|Any CPU
		{9F8367BE-D785-4DAE-9494-998A88C65DCA}.Release|Any CPU.ActiveCfg = Release|Any CPU
		{9F8367BE-D785-4DAE-9494-998A88C65DCA}.Release|Any CPU.Build.0 = Release|Any CPU
		{818B0E69-EC83-4849-98B1-27B71867015B}.Debug|Any CPU.ActiveCfg = Debug|Any CPU
		{818B0E69-EC83-4849-98B1-27B71867015B}.Debug|Any CPU.Build.0 = Debug|Any CPU
		{818B0E69-EC83-4849-98B1-27B71867015B}.Release|Any CPU.ActiveCfg = Release|Any CPU
		{818B0E69-EC83-4849-98B1-27B71867015B}.Release|Any CPU.Build.0 = Release|Any CPU
		{F01CE88D-E43B-4D9F-A9C6-C427098C8D94}.Debug|Any CPU.ActiveCfg = Debug|Any CPU
		{F01CE88D-E43B-4D9F-A9C6-C427098C8D94}.Debug|Any CPU.Build.0 = Debug|Any CPU
		{F01CE88D-E43B-4D9F-A9C6-C427098C8D94}.Release|Any CPU.ActiveCfg = Release|Any CPU
		{F01CE88D-E43B-4D9F-A9C6-C427098C8D94}.Release|Any CPU.Build.0 = Release|Any CPU
		{2B4D08D4-D045-46B3-A404-DDFCE8858FCA}.Debug|Any CPU.ActiveCfg = Debug|Any CPU
		{2B4D08D4-D045-46B3-A404-DDFCE8858FCA}.Debug|Any CPU.Build.0 = Debug|Any CPU
		{2B4D08D4-D045-46B3-A404-DDFCE8858FCA}.Release|Any CPU.ActiveCfg = Release|Any CPU
		{2B4D08D4-D045-46B3-A404-DDFCE8858FCA}.Release|Any CPU.Build.0 = Release|Any CPU
		{3088D351-33B2-440B-B778-491261EAF158}.Debug|Any CPU.ActiveCfg = Debug|Any CPU
		{3088D351-33B2-440B-B778-491261EAF158}.Debug|Any CPU.Build.0 = Debug|Any CPU
		{3088D351-33B2-440B-B778-491261EAF158}.Release|Any CPU.ActiveCfg = Release|Any CPU
		{3088D351-33B2-440B-B778-491261EAF158}.Release|Any CPU.Build.0 = Release|Any CPU
		{C2293C80-44C7-4DCA-90FA-E00C1E9D3EE4}.Debug|Any CPU.ActiveCfg = Debug|Any CPU
		{C2293C80-44C7-4DCA-90FA-E00C1E9D3EE4}.Debug|Any CPU.Build.0 = Debug|Any CPU
		{C2293C80-44C7-4DCA-90FA-E00C1E9D3EE4}.Release|Any CPU.ActiveCfg = Release|Any CPU
		{C2293C80-44C7-4DCA-90FA-E00C1E9D3EE4}.Release|Any CPU.Build.0 = Release|Any CPU
	EndGlobalSection
	GlobalSection(SolutionProperties) = preSolution
		HideSolutionNode = FALSE
	EndGlobalSection
	GlobalSection(NestedProjects) = preSolution
		{54685F65-B1E1-4193-ABAA-CF2C12A3E2FA} = {67EDAFDF-7ED6-4E14-B332-276D3BA85030}
		{68A72816-5813-4846-8220-F763958BF65B} = {54685F65-B1E1-4193-ABAA-CF2C12A3E2FA}
		{EE1936DD-4D6D-4961-AB3B-018F9F03AEF0} = {67EDAFDF-7ED6-4E14-B332-276D3BA85030}
		{9A51A3E6-23F2-400A-BB24-97ABA50BE268} = {EE1936DD-4D6D-4961-AB3B-018F9F03AEF0}
		{3AC99A12-4558-499E-A5E5-DAE3423F3E19} = {67EDAFDF-7ED6-4E14-B332-276D3BA85030}
		{92C63B27-249B-427C-B9E8-54FB0A4D2396} = {3AC99A12-4558-499E-A5E5-DAE3423F3E19}
		{A6F79398-9714-4145-97C7-0097A9BF6C8C} = {3AC99A12-4558-499E-A5E5-DAE3423F3E19}
		{D857FE54-1929-4DDE-B850-AE275E340FCD} = {67EDAFDF-7ED6-4E14-B332-276D3BA85030}
		{9F8367BE-D785-4DAE-9494-998A88C65DCA} = {D857FE54-1929-4DDE-B850-AE275E340FCD}
		{818B0E69-EC83-4849-98B1-27B71867015B} = {D857FE54-1929-4DDE-B850-AE275E340FCD}
		{F01CE88D-E43B-4D9F-A9C6-C427098C8D94} = {D857FE54-1929-4DDE-B850-AE275E340FCD}
		{2B4D08D4-D045-46B3-A404-DDFCE8858FCA} = {D857FE54-1929-4DDE-B850-AE275E340FCD}
		{3088D351-33B2-440B-B778-491261EAF158} = {99810BC1-08D2-4DAA-A14C-2F3FB31F1555}
		{C2293C80-44C7-4DCA-90FA-E00C1E9D3EE4} = {930BCF96-F848-420B-AE53-6615AC2957E9}
	EndGlobalSection
	GlobalSection(ExtensibilityGlobals) = postSolution
		SolutionGuid = {DF950A4F-DA57-4765-BF07-CCECF72139C4}
	EndGlobalSection
EndGlobal
